Microsoft Visual Studio Solution File, Format Version 12.00
# Visual Studio Version 17
VisualStudioVersion = 17.5.2.0
MinimumVisualStudioVersion = 10.0.40219.1
Project("{FAE04EC0-301F-11D3-BF4B-00C04F79EFBC}") = "RazorPageExample", "RazorPageExample.csproj", "{F68F9B69-799C-37C0-2338-8CEAAAB50575}"
EndProject
Global
	GlobalSection(SolutionConfigurationPlatforms) = preSolution
		Debug|Any CPU = Debug|Any CPU
		Release|Any CPU = Release|Any CPU
	EndGlobalSection
	GlobalSection(ProjectConfigurationPlatforms) = postSolution
		{F68F9B69-799C-37C0-2338-8CEAAAB50575}.Debug|Any CPU.ActiveCfg = Debug|Any CPU
		{F68F9B69-799C-37C0-2338-8CEAAAB50575}.Debug|Any CPU.Build.0 = Debug|Any CPU
		{F68F9B69-799C-37C0-2338-8CEAAAB50575}.Release|Any CPU.ActiveCfg = Release|Any CPU
		{F68F9B69-799C-37C0-2338-8CEAAAB50575}.Release|Any CPU.Build.0 = Release|Any CPU
	EndGlobalSection
	GlobalSection(SolutionProperties) = preSolution
		HideSolutionNode = FALSE
	EndGlobalSection
	GlobalSection(ExtensibilityGlobals) = postSolution
		SolutionGuid = {63272D29-2F19-42E5-944E-1A162663C128}
	EndGlobalSection
EndGlobal
